
Microsoft Visual Studio Solution File, Format Version 12.00
# Visual Studio Version 17
VisualStudioVersion = 17.11.35222.181
MinimumVisualStudioVersion = 10.0.40219.1
Project("{9A19103F-16F7-4668-BE54-9A1E7A4F7556}") = "CategorizarOperacoesQuestaoUm", "CategorizarOperacoesQuestaoUm.csproj", "{1F76C93E-2C8A-4661-99D1-E046BB83F29A}"
EndProject
Global
	GlobalSection(SolutionConfigurationPlatforms) = preSolution
		Debug|Any CPU = Debug|Any CPU
		Release|Any CPU = Release|Any CPU
	EndGlobalSection
	GlobalSection(ProjectConfigurationPlatforms) = postSolution
		{1F76C93E-2C8A-4661-99D1-E046BB83F29A}.Debug|Any CPU.ActiveCfg = Debug|Any CPU
		{1F76C93E-2C8A-4661-99D1-E046BB83F29A}.Debug|Any CPU.Build.0 = Debug|Any CPU
		{1F76C93E-2C8A-4661-99D1-E046BB83F29A}.Release|Any CPU.ActiveCfg = Release|Any CPU
		{1F76C93E-2C8A-4661-99D1-E046BB83F29A}.Release|Any CPU.Build.0 = Release|Any CPU
	EndGlobalSection
	GlobalSection(SolutionProperties) = preSolution
		HideSolutionNode = FALSE
	EndGlobalSection
	GlobalSection(ExtensibilityGlobals) = postSolution
		SolutionGuid = {79E7CC60-3B2F-48A7-A688-21DFEDEFCCB2}
	EndGlobalSection
EndGlobal
